{
    "version": 3,
    "terraform_version": "0.11.7",
    "serial": 2,
    "lineage": "8021a42e-b003-788d-36db-6d325379fa3f",
    "modules": [
        {
            "path": [
                "root"
            ],
            "outputs": {},
            "resources": {
                "aws_instance.terraform_ec2": {
                    "type": "aws_instance",
                    "depends_on": [],
                    "primary": {
                        "id": "i-0a45254ea1f9012c8",
                        "attributes": {
                            "ami": "ami-0189d76e",
                            "associate_public_ip_address": "true",
                            "availability_zone": "ap-south-1a",
                            "credit_specification.#": "1",
                            "credit_specification.0.cpu_credits": "standard",
                            "disable_api_termination": "false",
                            "ebs_block_device.#": "0",
                            "ebs_optimized": "false",
                            "ephemeral_block_device.#": "0",
                            "get_password_data": "false",
                            "iam_instance_profile": "",
                            "id": "i-0a45254ea1f9012c8",
                            "instance_state": "running",
                            "instance_type": "t2.micro",
                            "ipv6_addresses.#": "0",
                            "key_name": "",
                            "monitoring": "false",
                            "network_interface.#": "0",
                            "network_interface_id": "eni-48b0c716",
                            "password_data": "",
                            "placement_group": "",
                            "primary_network_interface_id": "eni-48b0c716",
                            "private_dns": "ip-172-31-27-115.ap-south-1.compute.internal",
                            "private_ip": "172.31.27.115",
                            "public_dns": "ec2-13-232-50-202.ap-south-1.compute.amazonaws.com",
                            "public_ip": "13.232.50.202",
                            "root_block_device.#": "1",
                            "root_block_device.0.delete_on_termination": "true",
                            "root_block_device.0.iops": "100",
                            "root_block_device.0.volume_id": "vol-039a467eaecaf7ec0",
                            "root_block_device.0.volume_size": "8",
                            "root_block_device.0.volume_type": "gp2",
                            "security_groups.#": "1",
                            "security_groups.3814588639": "default",
                            "source_dest_check": "true",
                            "subnet_id": "subnet-7664041e",
                            "tags.%": "1",
                            "tags.Name": "Terraform",
                            "tenancy": "default",
                            "volume_tags.%": "0",
                            "vpc_security_group_ids.#": "1",
                            "vpc_security_group_ids.2910381046": "sg-4be8dc20"
                        },
                        "meta": {
                            "e2bfb730-ecaa-11e6-8f88-34363bc7c4c0": {
                                "create": 600000000000,
                                "delete": 1200000000000,
                                "update": 600000000000
                            },
                            "schema_version": "1"
                        },
                        "tainted": false
                    },
                    "deposed": [],
                    "provider": "provider.aws"
                }
            },
            "depends_on": []
        }
    ]
}
