{
    "version": 3,
    "terraform_version": "0.11.7",
    "serial": 7,
    "lineage": "4c5b61bb-f4b1-f69e-5396-7059f5d9357d",
    "modules": [
        {
            "path": [
                "root"
            ],
            "outputs": {},
            "resources": {
                "aws_s3_bucket.bucket": {
                    "type": "aws_s3_bucket",
                    "depends_on": [],
                    "primary": {
                        "id": "my-tf-preprod-bucket",
                        "attributes": {
                            "acceleration_status": "",
                            "acl": "private",
                            "arn": "arn:aws:s3:::my-tf-preprod-bucket",
                            "bucket": "my-tf-preprod-bucket",
                            "bucket_domain_name": "my-tf-preprod-bucket.s3.amazonaws.com",
                            "bucket_regional_domain_name": "my-tf-preprod-bucket.s3.ap-south-1.amazonaws.com",
                            "force_destroy": "false",
                            "hosted_zone_id": "Z11RGJOFQNVJUP",
                            "id": "my-tf-preprod-bucket",
                            "logging.#": "0",
                            "region": "ap-south-1",
                            "replication_configuration.#": "0",
                            "request_payer": "BucketOwner",
                            "server_side_encryption_configuration.#": "0",
                            "tags.%": "2",
                            "tags.Environment": "Dev",
                            "tags.Name": "dev.preprod.backend-logs",
                            "versioning.#": "1",
                            "versioning.0.enabled": "false",
                            "versioning.0.mfa_delete": "false",
                            "website.#": "0"
                        },
                        "meta": {},
                        "tainted": false
                    },
                    "deposed": [],
                    "provider": "provider.aws"
                }
            },
            "depends_on": []
        }
    ]
}
