{
    "version": 3,
    "terraform_version": "0.11.7",
    "serial": 6,
    "lineage": "6d1ba949-2896-60f0-daea-d6f227e25943",
    "modules": [
        {
            "path": [
                "root"
            ],
            "outputs": {},
            "resources": {
                "aws_subnet.subnet1": {
                    "type": "aws_subnet",
                    "depends_on": [
                        "aws_vpc.main"
                    ],
                    "primary": {
                        "id": "subnet-fd23fab1",
                        "attributes": {
                            "assign_ipv6_address_on_creation": "false",
                            "availability_zone": "ap-south-1b",
                            "cidr_block": "190.160.1.0/24",
                            "id": "subnet-fd23fab1",
                            "map_public_ip_on_launch": "false",
                            "tags.%": "1",
                            "tags.Name": "subnet1",
                            "vpc_id": "vpc-b2e59eda"
                        },
                        "meta": {
                            "schema_version": "1"
                        },
                        "tainted": false
                    },
                    "deposed": [],
                    "provider": "provider.aws"
                },
                "aws_vpc.main": {
                    "type": "aws_vpc",
                    "depends_on": [],
                    "primary": {
                        "id": "vpc-b2e59eda",
                        "attributes": {
                            "assign_generated_ipv6_cidr_block": "false",
                            "cidr_block": "190.160.0.0/16",
                            "default_network_acl_id": "acl-7e8aaa16",
                            "default_route_table_id": "rtb-eec1fd86",
                            "default_security_group_id": "sg-f3181198",
                            "dhcp_options_id": "dopt-08c19160",
                            "enable_dns_hostnames": "false",
                            "enable_dns_support": "true",
                            "id": "vpc-b2e59eda",
                            "instance_tenancy": "default",
                            "main_route_table_id": "rtb-eec1fd86",
                            "tags.%": "2",
                            "tags.Location": "Chennai",
                            "tags.Name": "main"
                        },
                        "meta": {
                            "schema_version": "1"
                        },
                        "tainted": false
                    },
                    "deposed": [],
                    "provider": "provider.aws"
                }
            },
            "depends_on": []
        }
    ]
}
